// !$*UTF8*$!
{
	archiveVersion = 1;
	classes = {
	};
	objectVersion = 77;
	objects = {

/* Begin PBXContainerItemProxy section */
		72F821122D4428C40098E8A6 /* PBXContainerItemProxy */ = {
			isa = PBXContainerItemProxy;
			containerPortal = 72F820F92D4428C20098E8A6 /* Project object */;
			proxyType = 1;
			remoteGlobalIDString = 72F821002D4428C20098E8A6;
			remoteInfo = WorkHourTracker;
		};
		72F8211C2D4428C40098E8A6 /* PBXContainerItemProxy */ = {
			isa = PBXContainerItemProxy;
			containerPortal = 72F820F92D4428C20098E8A6 /* Project object */;
			proxyType = 1;
			remoteGlobalIDString = 72F821002D4428C20098E8A6;
			remoteInfo = WorkHourTracker;
		};
/* End PBXContainerItemProxy section */

/* Begin PBXFileReference section */
		72F821012D4428C30098E8A6 /* WorkHourTracker.app */ = {isa = PBXFileReference; explicitFileType = wrapper.application; includeInIndex = 0; path = WorkHourTracker.app; sourceTree = BUILT_PRODUCTS_DIR; };
		72F821112D4428C40098E8A6 /* WorkHourTrackerTests.xctest */ = {isa = PBXFileReference; explicitFileType = wrapper.cfbundle; includeInIndex = 0; path = WorkHourTrackerTests.xctest; sourceTree = BUILT_PRODUCTS_DIR; };
		72F8211B2D4428C40098E8A6 /* WorkHourTrackerUITests.xctest */ = {isa = PBXFileReference; explicitFileType = wrapper.cfbundle; includeInIndex = 0; path = WorkHourTrackerUITests.xctest; sourceTree = BUILT_PRODUCTS_DIR; };
/* End PBXFileReference section */

/* Begin PBXFileSystemSynchronizedRootGroup section */
		72F821032D4428C30098E8A6 /* WorkHourTracker */ = {
			isa = PBXFileSystemSynchronizedRootGroup;
			path = WorkHourTracker;
			sourceTree = "<group>";
		};
		72F821142D4428C40098E8A6 /* WorkHourTrackerTests */ = {
			isa = PBXFileSystemSynchronizedRootGroup;
			path = WorkHourTrackerTests;
			sourceTree = "<group>";
		};
		72F8211E2D4428C40098E8A6 /* WorkHourTrackerUITests */ = {
			isa = PBXFileSystemSynchronizedRootGroup;
			path = WorkHourTrackerUITests;
			sourceTree = "<group>";
		};
/* End PBXFileSystemSynchronizedRootGroup section */

/* Begin PBXFrameworksBuildPhase section */
		72F820FE2D4428C20098E8A6 /* Frameworks */ = {
			isa = PBXFrameworksBuildPhase;
			buildActionMask = 2147483647;
			files = (
			);
			runOnlyForDeploymentPostprocessing = 0;
		};
		72F8210E2D4428C40098E8A6 /* Frameworks */ = {
			isa = PBXFrameworksBuildPhase;
			buildActionMask = 2147483647;
			files = (
			);
			runOnlyForDeploymentPostprocessing = 0;
		};
		72F821182D4428C40098E8A6 /* Frameworks */ = {
			isa = PBXFrameworksBuildPhase;
			buildActionMask = 2147483647;
			files = (
			);
			runOnlyForDeploymentPostprocessing = 0;
		};
/* End PBXFrameworksBuildPhase section */

/* Begin PBXGroup section */
		72F820F82D4428C20098E8A6 = {
			isa = PBXGroup;
			children = (
				72F821032D4428C30098E8A6 /* WorkHourTracker */,
				72F821142D4428C40098E8A6 /* WorkHourTrackerTests */,
				72F8211E2D4428C40098E8A6 /* WorkHourTrackerUITests */,
				72F821022D4428C30098E8A6 /* Products */,
			);
			sourceTree = "<group>";
		};
		72F821022D4428C30098E8A6 /* Products */ = {
			isa = PBXGroup;
			children = (
				72F821012D4428C30098E8A6 /* WorkHourTracker.app */,
				72F821112D4428C40098E8A6 /* WorkHourTrackerTests.xctest */,
				72F8211B2D4428C40098E8A6 /* WorkHourTrackerUITests.xctest */,
			);
			name = Products;
			sourceTree = "<group>";
		};
/* End PBXGroup section */

/* Begin PBXNativeTarget section */
		72F821002D4428C20098E8A6 /* WorkHourTracker */ = {
			isa = PBXNativeTarget;
			buildConfigurationList = 72F821252D4428C40098E8A6 /* Build configuration list for PBXNativeTarget "WorkHourTracker" */;
			buildPhases = (
				72F820FD2D4428C20098E8A6 /* Sources */,
				72F820FE2D4428C20098E8A6 /* Frameworks */,
				72F820FF2D4428C20098E8A6 /* Resources */,
			);
			buildRules = (
			);
			dependencies = (
			);
			fileSystemSynchronizedGroups = (
				72F821032D4428C30098E8A6 /* WorkHourTracker */,
			);
			name = WorkHourTracker;
			packageProductDependencies = (
			);
			productName = WorkHourTracker;
			productReference = 72F821012D4428C30098E8A6 /* WorkHourTracker.app */;
			productType = "com.apple.product-type.application";
		};
		72F821102D4428C40098E8A6 /* WorkHourTrackerTests */ = {
			isa = PBXNativeTarget;
			buildConfigurationList = 72F821282D4428C40098E8A6 /* Build configuration list for PBXNativeTarget "WorkHourTrackerTests" */;
			buildPhases = (
				72F8210D2D4428C40098E8A6 /* Sources */,
				72F8210E2D4428C40098E8A6 /* Frameworks */,
				72F8210F2D4428C40098E8A6 /* Resources */,
			);
			buildRules = (
			);
			dependencies = (
				72F821132D4428C40098E8A6 /* PBXTargetDependency */,
			);
			fileSystemSynchronizedGroups = (
				72F821142D4428C40098E8A6 /* WorkHourTrackerTests */,
			);
			name = WorkHourTrackerTests;
			packageProductDependencies = (
			);
			productName = WorkHourTrackerTests;
			productReference = 72F821112D4428C40098E8A6 /* WorkHourTrackerTests.xctest */;
			productType = "com.apple.product-type.bundle.unit-test";
		};
		72F8211A2D4428C40098E8A6 /* WorkHourTrackerUITests */ = {
			isa = PBXNativeTarget;
			buildConfigurationList = 72F8212B2D4428C40098E8A6 /* Build configuration list for PBXNativeTarget "WorkHourTrackerUITests" */;
			buildPhases = (
				72F821172D4428C40098E8A6 /* Sources */,
				72F821182D4428C40098E8A6 /* Frameworks */,
				72F821192D4428C40098E8A6 /* Resources */,
			);
			buildRules = (
			);
			dependencies = (
				72F8211D2D4428C40098E8A6 /* PBXTargetDependency */,
			);
			fileSystemSynchronizedGroups = (
				72F8211E2D4428C40098E8A6 /* WorkHourTrackerUITests */,
			);
			name = WorkHourTrackerUITests;
			packageProductDependencies = (
			);
			productName = WorkHourTrackerUITests;
			productReference = 72F8211B2D4428C40098E8A6 /* WorkHourTrackerUITests.xctest */;
			productType = "com.apple.product-type.bundle.ui-testing";
		};
/* End PBXNativeTarget section */

/* Begin PBXProject section */
		72F820F92D4428C20098E8A6 /* Project object */ = {
			isa = PBXProject;
			attributes = {
				BuildIndependentTargetsInParallel = 1;
				LastSwiftUpdateCheck = 1620;
				LastUpgradeCheck = 1620;
				TargetAttributes = {
					72F821002D4428C20098E8A6 = {
						CreatedOnToolsVersion = 16.2;
					};
					72F821102D4428C40098E8A6 = {
						CreatedOnToolsVersion = 16.2;
						TestTargetID = 72F821002D4428C20098E8A6;
					};
					72F8211A2D4428C40098E8A6 = {
						CreatedOnToolsVersion = 16.2;
						TestTargetID = 72F821002D4428C20098E8A6;
					};
				};
			};
			buildConfigurationList = 72F820FC2D4428C20098E8A6 /* Build configuration list for PBXProject "WorkHourTracker" */;
			developmentRegion = en;
			hasScannedForEncodings = 0;
			knownRegions = (
				en,
				Base,
			);
			mainGroup = 72F820F82D4428C20098E8A6;
			minimizedProjectReferenceProxies = 1;
			preferredProjectObjectVersion = 77;
			productRefGroup = 72F821022D4428C30098E8A6 /* Products */;
			projectDirPath = "";
			projectRoot = "";
			targets = (
				72F821002D4428C20098E8A6 /* WorkHourTracker */,
				72F821102D4428C40098E8A6 /* WorkHourTrackerTests */,
				72F8211A2D4428C40098E8A6 /* WorkHourTrackerUITests */,
			);
		};
/* End PBXProject section */

/* Begin PBXResourcesBuildPhase section */
		72F820FF2D4428C20098E8A6 /* Resources */ = {
			isa = PBXResourcesBuildPhase;
			buildActionMask = 2147483647;
			files = (
			);
			runOnlyForDeploymentPostprocessing = 0;
		};
		72F8210F2D4428C40098E8A6 /* Resources */ = {
			isa = PBXResourcesBuildPhase;
			buildActionMask = 2147483647;
			files = (
			);
			runOnlyForDeploymentPostprocessing = 0;
		};
		72F821192D4428C40098E8A6 /* Resources */ = {
			isa = PBXResourcesBuildPhase;
			buildActionMask = 2147483647;
			files = (
			);
			runOnlyForDeploymentPostprocessing = 0;
		};
/* End PBXResourcesBuildPhase section */

/* Begin PBXSourcesBuildPhase section */
		72F820FD2D4428C20098E8A6 /* Sources */ = {
			isa = PBXSourcesBuildPhase;
			buildActionMask = 2147483647;
			files = (
			);
			runOnlyForDeploymentPostprocessing = 0;
		};
		72F8210D2D4428C40098E8A6 /* Sources */ = {
			isa = PBXSourcesBuildPhase;
			buildActionMask = 2147483647;
			files = (
			);
			runOnlyForDeploymentPostprocessing = 0;
		};
		72F821172D4428C40098E8A6 /* Sources */ = {
			isa = PBXSourcesBuildPhase;
			buildActionMask = 2147483647;
			files = (
			);
			runOnlyForDeploymentPostprocessing = 0;
		};
/* End PBXSourcesBuildPhase section */

/* Begin PBXTargetDependency section */
		72F821132D4428C40098E8A6 /* PBXTargetDependency */ = {
			isa = PBXTargetDependency;
			target = 72F821002D4428C20098E8A6 /* WorkHourTracker */;
			targetProxy = 72F821122D4428C40098E8A6 /* PBXContainerItemProxy */;
		};
		72F8211D2D4428C40098E8A6 /* PBXTargetDependency */ = {
			isa = PBXTargetDependency;
			target = 72F821002D4428C20098E8A6 /* WorkHourTracker */;
			targetProxy = 72F8211C2D4428C40098E8A6 /* PBXContainerItemProxy */;
		};
/* End PBXTargetDependency section */

/* Begin XCBuildConfiguration section */
		72F821232D4428C40098E8A6 /* Debug */ = {
			isa = XCBuildConfiguration;
			buildSettings = {
				ALWAYS_SEARCH_USER_PATHS = NO;
				ASSETCATALOG_COMPILER_GENERATE_SWIFT_ASSET_SYMBOL_EXTENSIONS = YES;
				CLANG_ANALYZER_NONNULL = YES;
				CLANG_ANALYZER_NUMBER_OBJECT_CONVERSION = YES_AGGRESSIVE;
				CLANG_CXX_LANGUAGE_STANDARD = "gnu++20";
				CLANG_ENABLE_MODULES = YES;
				CLANG_ENABLE_OBJC_ARC = YES;
				CLANG_ENABLE_OBJC_WEAK = YES;
				CLANG_WARN_BLOCK_CAPTURE_AUTORELEASING = YES;
				CLANG_WARN_BOOL_CONVERSION = YES;
				CLANG_WARN_COMMA = YES;
				CLANG_WARN_CONSTANT_CONVERSION = YES;
				CLANG_WARN_DEPRECATED_OBJC_IMPLEMENTATIONS = YES;
				CLANG_WARN_DIRECT_OBJC_ISA_USAGE = YES_ERROR;
				CLANG_WARN_DOCUMENTATION_COMMENTS = YES;
				CLANG_WARN_EMPTY_BODY = YES;
				CLANG_WARN_ENUM_CONVERSION = YES;
				CLANG_WARN_INFINITE_RECURSION = YES;
				CLANG_WARN_INT_CONVERSION = YES;
				CLANG_WARN_NON_LITERAL_NULL_CONVERSION = YES;
				CLANG_WARN_OBJC_IMPLICIT_RETAIN_SELF = YES;
				CLANG_WARN_OBJC_LITERAL_CONVERSION = YES;
				CLANG_WARN_OBJC_ROOT_CLASS = YES_ERROR;
				CLANG_WARN_QUOTED_INCLUDE_IN_FRAMEWORK_HEADER = YES;
				CLANG_WARN_RANGE_LOOP_ANALYSIS = YES;
				CLANG_WARN_STRICT_PROTOTYPES = YES;
				CLANG_WARN_SUSPICIOUS_MOVE = YES;
				CLANG_WARN_UNGUARDED_AVAILABILITY = YES_AGGRESSIVE;
				CLANG_WARN_UNREACHABLE_CODE = YES;
				CLANG_WARN__DUPLICATE_METHOD_MATCH = YES;
				COPY_PHASE_STRIP = NO;
				DEBUG_INFORMATION_FORMAT = dwarf;
				ENABLE_STRICT_OBJC_MSGSEND = YES;
				ENABLE_TESTABILITY = YES;
				ENABLE_USER_SCRIPT_SANDBOXING = YES;
				GCC_C_LANGUAGE_STANDARD = gnu17;
				GCC_DYNAMIC_NO_PIC = NO;
				GCC_NO_COMMON_BLOCKS = YES;
				GCC_OPTIMIZATION_LEVEL = 0;
				GCC_PREPROCESSOR_DEFINITIONS = (
					"DEBUG=1",
					"$(inherited)",
				);
				GCC_WARN_64_TO_32_BIT_CONVERSION = YES;
				GCC_WARN_ABOUT_RETURN_TYPE = YES_ERROR;
				GCC_WARN_UNDECLARED_SELECTOR = YES;
				GCC_WARN_UNINITIALIZED_AUTOS = YES_AGGRESSIVE;
				GCC_WARN_UNUSED_FUNCTION = YES;
				GCC_WARN_UNUSED_VARIABLE = YES;
				IPHONEOS_DEPLOYMENT_TARGET = 18.2;
				LOCALIZATION_PREFERS_STRING_CATALOGS = YES;
				MTL_ENABLE_DEBUG_INFO = INCLUDE_SOURCE;
				MTL_FAST_MATH = YES;
				ONLY_ACTIVE_ARCH = YES;
				SDKROOT = iphoneos;
				SWIFT_ACTIVE_COMPILATION_CONDITIONS = "DEBUG $(inherited)";
				SWIFT_OPTIMIZATION_LEVEL = "-Onone";
			};
			name = Debug;
		};
		72F821242D4428C40098E8A6 /* Release */ = {
			isa = XCBuildConfiguration;
			buildSettings = {
				ALWAYS_SEARCH_USER_PATHS = NO;
				ASSETCATALOG_COMPILER_GENERATE_SWIFT_ASSET_SYMBOL_EXTENSIONS = YES;
				CLANG_ANALYZER_NONNULL = YES;
				CLANG_ANALYZER_NUMBER_OBJECT_CONVERSION = YES_AGGRESSIVE;
				CLANG_CXX_LANGUAGE_STANDARD = "gnu++20";
				CLANG_ENABLE_MODULES = YES;
				CLANG_ENABLE_OBJC_ARC = YES;
				CLANG_ENABLE_OBJC_WEAK = YES;
				CLANG_WARN_BLOCK_CAPTURE_AUTORELEASING = YES;
				CLANG_WARN_BOOL_CONVERSION = YES;
				CLANG_WARN_COMMA = YES;
				CLANG_WARN_CONSTANT_CONVERSION = YES;
				CLANG_WARN_DEPRECATED_OBJC_IMPLEMENTATIONS = YES;
				CLANG_WARN_DIRECT_OBJC_ISA_USAGE = YES_ERROR;
				CLANG_WARN_DOCUMENTATION_COMMENTS = YES;
				CLANG_WARN_EMPTY_BODY = YES;
				CLANG_WARN_ENUM_CONVERSION = YES;
				CLANG_WARN_INFINITE_RECURSION = YES;
				CLANG_WARN_INT_CONVERSION = YES;
				CLANG_WARN_NON_LITERAL_NULL_CONVERSION = YES;
				CLANG_WARN_OBJC_IMPLICIT_RETAIN_SELF = YES;
				CLANG_WARN_OBJC_LITERAL_CONVERSION = YES;
				CLANG_WARN_OBJC_ROOT_CLASS = YES_ERROR;
				CLANG_WARN_QUOTED_INCLUDE_IN_FRAMEWORK_HEADER = YES;
				CLANG_WARN_RANGE_LOOP_ANALYSIS = YES;
				CLANG_WARN_STRICT_PROTOTYPES = YES;
				CLANG_WARN_SUSPICIOUS_MOVE = YES;
				CLANG_WARN_UNGUARDED_AVAILABILITY = YES_AGGRESSIVE;
				CLANG_WARN_UNREACHABLE_CODE = YES;
				CLANG_WARN__DUPLICATE_METHOD_MATCH = YES;
				COPY_PHASE_STRIP = NO;
				DEBUG_INFORMATION_FORMAT = "dwarf-with-dsym";
				ENABLE_NS_ASSERTIONS = NO;
				ENABLE_STRICT_OBJC_MSGSEND = YES;
				ENABLE_USER_SCRIPT_SANDBOXING = YES;
				GCC_C_LANGUAGE_STANDARD = gnu17;
				GCC_NO_COMMON_BLOCKS = YES;
				GCC_WARN_64_TO_32_BIT_CONVERSION = YES;
				GCC_WARN_ABOUT_RETURN_TYPE = YES_ERROR;
				GCC_WARN_UNDECLARED_SELECTOR = YES;
				GCC_WARN_UNINITIALIZED_AUTOS = YES_AGGRESSIVE;
				GCC_WARN_UNUSED_FUNCTION = YES;
				GCC_WARN_UNUSED_VARIABLE = YES;
				IPHONEOS_DEPLOYMENT_TARGET = 18.2;
				LOCALIZATION_PREFERS_STRING_CATALOGS = YES;
				MTL_ENABLE_DEBUG_INFO = NO;
				MTL_FAST_MATH = YES;
				SDKROOT = iphoneos;
				SWIFT_COMPILATION_MODE = wholemodule;
				VALIDATE_PRODUCT = YES;
			};
			name = Release;
		};
		72F821262D4428C40098E8A6 /* Debug */ = {
			isa = XCBuildConfiguration;
			buildSettings = {
				ASSETCATALOG_COMPILER_APPICON_NAME = AppIcon;
				ASSETCATALOG_COMPILER_GLOBAL_ACCENT_COLOR_NAME = AccentColor;
				CODE_SIGN_STYLE = Automatic;
				CURRENT_PROJECT_VERSION = 1;
				DEVELOPMENT_ASSET_PATHS = "\"WorkHourTracker/Preview Content\"";
				DEVELOPMENT_TEAM = 4ZJM2P8U93;
				ENABLE_PREVIEWS = YES;
				GENERATE_INFOPLIST_FILE = YES;
				INFOPLIST_KEY_UIApplicationSceneManifest_Generation = YES;
				INFOPLIST_KEY_UIApplicationSupportsIndirectInputEvents = YES;
				INFOPLIST_KEY_UILaunchScreen_Generation = YES;
				INFOPLIST_KEY_UISupportedInterfaceOrientations_iPad = "UIInterfaceOrientationPortrait UIInterfaceOrientationPortraitUpsideDown UIInterfaceOrientationLandscapeLeft UIInterfaceOrientationLandscapeRight";
				INFOPLIST_KEY_UISupportedInterfaceOrientations_iPhone = "UIInterfaceOrientationPortrait UIInterfaceOrientationLandscapeLeft UIInterfaceOrientationLandscapeRight";
				LD_RUNPATH_SEARCH_PATHS = (
					"$(inherited)",
					"@executable_path/Frameworks",
				);
				MARKETING_VERSION = 1.0;
				PRODUCT_BUNDLE_IDENTIFIER = Bash.WorkHourTracker;
				PRODUCT_NAME = "$(TARGET_NAME)";
				SWIFT_EMIT_LOC_STRINGS = YES;
				SWIFT_VERSION = 5.0;
				TARGETED_DEVICE_FAMILY = "1,2";
			};
			name = Debug;
		};
		72F821272D4428C40098E8A6 /* Release */ = {
			isa = XCBuildConfiguration;
			buildSettings = {
				ASSETCATALOG_COMPILER_APPICON_NAME = AppIcon;
				ASSETCATALOG_COMPILER_GLOBAL_ACCENT_COLOR_NAME = AccentColor;
				CODE_SIGN_STYLE = Automatic;
				CURRENT_PROJECT_VERSION = 1;
				DEVELOPMENT_ASSET_PATHS = "\"WorkHourTracker/Preview Content\"";
				DEVELOPMENT_TEAM = 4ZJM2P8U93;
				ENABLE_PREVIEWS = YES;
				GENERATE_INFOPLIST_FILE = YES;
				INFOPLIST_KEY_UIApplicationSceneManifest_Generation = YES;
				INFOPLIST_KEY_UIApplicationSupportsIndirectInputEvents = YES;
				INFOPLIST_KEY_UILaunchScreen_Generation = YES;
				INFOPLIST_KEY_UISupportedInterfaceOrientations_iPad = "UIInterfaceOrientationPortrait UIInterfaceOrientationPortraitUpsideDown UIInterfaceOrientationLandscapeLeft UIInterfaceOrientationLandscapeRight";
				INFOPLIST_KEY_UISupportedInterfaceOrientations_iPhone = "UIInterfaceOrientationPortrait UIInterfaceOrientationLandscapeLeft UIInterfaceOrientationLandscapeRight";
				LD_RUNPATH_SEARCH_PATHS = (
					"$(inherited)",
					"@executable_path/Frameworks",
				);
				MARKETING_VERSION = 1.0;
				PRODUCT_BUNDLE_IDENTIFIER = Bash.WorkHourTracker;
				PRODUCT_NAME = "$(TARGET_NAME)";
				SWIFT_EMIT_LOC_STRINGS = YES;
				SWIFT_VERSION = 5.0;
				TARGETED_DEVICE_FAMILY = "1,2";
			};
			name = Release;
		};
		72F821292D4428C40098E8A6 /* Debug */ = {
			isa = XCBuildConfiguration;
			buildSettings = {
				BUNDLE_LOADER = "$(TEST_HOST)";
				CODE_SIGN_STYLE = Automatic;
				CURRENT_PROJECT_VERSION = 1;
				DEVELOPMENT_TEAM = 4ZJM2P8U93;
				GENERATE_INFOPLIST_FILE = YES;
				IPHONEOS_DEPLOYMENT_TARGET = 18.2;
				MARKETING_VERSION = 1.0;
				PRODUCT_BUNDLE_IDENTIFIER = Bash.WorkHourTrackerTests;
				PRODUCT_NAME = "$(TARGET_NAME)";
				SWIFT_EMIT_LOC_STRINGS = NO;
				SWIFT_VERSION = 5.0;
				TARGETED_DEVICE_FAMILY = "1,2";
				TEST_HOST = "$(BUILT_PRODUCTS_DIR)/WorkHourTracker.app/$(BUNDLE_EXECUTABLE_FOLDER_PATH)/WorkHourTracker";
			};
			name = Debug;
		};
		72F8212A2D4428C40098E8A6 /* Release */ = {
			isa = XCBuildConfiguration;
			buildSettings = {
				BUNDLE_LOADER = "$(TEST_HOST)";
				CODE_SIGN_STYLE = Automatic;
				CURRENT_PROJECT_VERSION = 1;
				DEVELOPMENT_TEAM = 4ZJM2P8U93;
				GENERATE_INFOPLIST_FILE = YES;
				IPHONEOS_DEPLOYMENT_TARGET = 18.2;
				MARKETING_VERSION = 1.0;
				PRODUCT_BUNDLE_IDENTIFIER = Bash.WorkHourTrackerTests;
				PRODUCT_NAME = "$(TARGET_NAME)";
				SWIFT_EMIT_LOC_STRINGS = NO;
				SWIFT_VERSION = 5.0;
				TARGETED_DEVICE_FAMILY = "1,2";
				TEST_HOST = "$(BUILT_PRODUCTS_DIR)/WorkHourTracker.app/$(BUNDLE_EXECUTABLE_FOLDER_PATH)/WorkHourTracker";
			};
			name = Release;
		};
		72F8212C2D4428C40098E8A6 /* Debug */ = {
			isa = XCBuildConfiguration;
			buildSettings = {
				CODE_SIGN_STYLE = Automatic;
				CURRENT_PROJECT_VERSION = 1;
				DEVELOPMENT_TEAM = 4ZJM2P8U93;
				GENERATE_INFOPLIST_FILE = YES;
				MARKETING_VERSION = 1.0;
				PRODUCT_BUNDLE_IDENTIFIER = Bash.WorkHourTrackerUITests;
				PRODUCT_NAME = "$(TARGET_NAME)";
				SWIFT_EMIT_LOC_STRINGS = NO;
				SWIFT_VERSION = 5.0;
				TARGETED_DEVICE_FAMILY = "1,2";
				TEST_TARGET_NAME = WorkHourTracker;
			};
			name = Debug;
		};
		72F8212D2D4428C40098E8A6 /* Release */ = {
			isa = XCBuildConfiguration;
			buildSettings = {
				CODE_SIGN_STYLE = Automatic;
				CURRENT_PROJECT_VERSION = 1;
				DEVELOPMENT_TEAM = 4ZJM2P8U93;
				GENERATE_INFOPLIST_FILE = YES;
				MARKETING_VERSION = 1.0;
				PRODUCT_BUNDLE_IDENTIFIER = Bash.WorkHourTrackerUITests;
				PRODUCT_NAME = "$(TARGET_NAME)";
				SWIFT_EMIT_LOC_STRINGS = NO;
				SWIFT_VERSION = 5.0;
				TARGETED_DEVICE_FAMILY = "1,2";
				TEST_TARGET_NAME = WorkHourTracker;
			};
			name = Release;
		};
/* End XCBuildConfiguration section */

/* Begin XCConfigurationList section */
		72F820FC2D4428C20098E8A6 /* Build configuration list for PBXProject "WorkHourTracker" */ = {
			isa = XCConfigurationList;
			buildConfigurations = (
				72F821232D4428C40098E8A6 /* Debug */,
				72F821242D4428C40098E8A6 /* Release */,
			);
			defaultConfigurationIsVisible = 0;
			defaultConfigurationName = Release;
		};
		72F821252D4428C40098E8A6 /* Build configuration list for PBXNativeTarget "WorkHourTracker" */ = {
			isa = XCConfigurationList;
			buildConfigurations = (
				72F821262D4428C40098E8A6 /* Debug */,
				72F821272D4428C40098E8A6 /* Release */,
			);
			defaultConfigurationIsVisible = 0;
			defaultConfigurationName = Release;
		};
		72F821282D4428C40098E8A6 /* Build configuration list for PBXNativeTarget "WorkHourTrackerTests" */ = {
			isa = XCConfigurationList;
			buildConfigurations = (
				72F821292D4428C40098E8A6 /* Debug */,
				72F8212A2D4428C40098E8A6 /* Release */,
			);
			defaultConfigurationIsVisible = 0;
			defaultConfigurationName = Release;
		};
		72F8212B2D4428C40098E8A6 /* Build configuration list for PBXNativeTarget "WorkHourTrackerUITests" */ = {
			isa = XCConfigurationList;
			buildConfigurations = (
				72F8212C2D4428C40098E8A6 /* Debug */,
				72F8212D2D4428C40098E8A6 /* Release */,
			);
			defaultConfigurationIsVisible = 0;
			defaultConfigurationName = Release;
		};
/* End XCConfigurationList section */
	};
	rootObject = 72F820F92D4428C20098E8A6 /* Project object */;
}
